{
  "version": 3,
  "targets": {
    ".NETCoreApp,Version=v3.1": {
      "Microsoft.Win32.SystemEvents/6.0.0": {
        "type": "package",
        "compile": {
          "lib/netcoreapp3.1/Microsoft.Win32.SystemEvents.dll": {
            "related": ".xml"
          }
        },
        "runtime": {
          "lib/netcoreapp3.1/Microsoft.Win32.SystemEvents.dll": {
            "related": ".xml"
          }
        },
        "build": {
          "buildTransitive/netcoreapp3.1/_._": {}
        },
        "runtimeTargets": {
          "runtimes/win/lib/netcoreapp3.1/Microsoft.Win32.SystemEvents.dll": {
            "assetType": "runtime",
            "rid": "win"
          }
        }
      },
      "MySqlConnector/1.1.0": {
        "type": "package",
        "compile": {
          "lib/netcoreapp3.1/MySqlConnector.dll": {
            "related": ".xml"
          }
        },
        "runtime": {
          "lib/netcoreapp3.1/MySqlConnector.dll": {
            "related": ".xml"
          }
        }
      },
      "Newtonsoft.Json/12.0.3": {
        "type": "package",
        "compile": {
          "lib/netstandard2.0/Newtonsoft.Json.dll": {
            "related": ".xml"
          }
        },
        "runtime": {
          "lib/netstandard2.0/Newtonsoft.Json.dll": {
            "related": ".xml"
          }
        }
      },
      "RAGEMP-Bootstrapper/1.1.3": {
        "type": "package",
        "compile": {
          "lib/netcoreapp3.1/Bootstrapper.dll": {
            "related": ".xml"
          }
        },
        "runtime": {
          "lib/netcoreapp3.1/Bootstrapper.dll": {
            "related": ".xml"
          }
        }
      },
      "Sentry/3.13.0": {
        "type": "package",
        "dependencies": {
          "System.Reflection.Metadata": "5.0.0"
        },
        "compile": {
          "lib/netcoreapp3.0/Sentry.dll": {
            "related": ".xml"
          }
        },
        "runtime": {
          "lib/netcoreapp3.0/Sentry.dll": {
            "related": ".xml"
          }
        }
      },
      "Stub.System.Data.SQLite.Core.NetStandard/1.0.113.1": {
        "type": "package",
        "compile": {
          "lib/netstandard2.1/System.Data.SQLite.dll": {
            "related": ".dll.altconfig;.xml"
          }
        },
        "runtime": {
          "lib/netstandard2.1/System.Data.SQLite.dll": {
            "related": ".dll.altconfig;.xml"
          }
        },
        "runtimeTargets": {
          "runtimes/linux-x64/native/SQLite.Interop.dll": {
            "assetType": "native",
            "rid": "linux-x64"
          },
          "runtimes/osx-x64/native/SQLite.Interop.dll": {
            "assetType": "native",
            "rid": "osx-x64"
          },
          "runtimes/win-x64/native/SQLite.Interop.dll": {
            "assetType": "native",
            "rid": "win-x64"
          },
          "runtimes/win-x86/native/SQLite.Interop.dll": {
            "assetType": "native",
            "rid": "win-x86"
          }
        }
      },
      "System.Collections.Immutable/5.0.0": {
        "type": "package",
        "compile": {
          "lib/netstandard2.0/System.Collections.Immutable.dll": {
            "related": ".xml"
          }
        },
        "runtime": {
          "lib/netstandard2.0/System.Collections.Immutable.dll": {
            "related": ".xml"
          }
        }
      },
      "System.Data.SQLite.Core/1.0.113.6": {
        "type": "package",
        "dependencies": {
          "Stub.System.Data.SQLite.Core.NetStandard": "1.0.113.1"
        }
      },
      "System.Drawing.Common/6.0.0": {
        "type": "package",
        "dependencies": {
          "Microsoft.Win32.SystemEvents": "6.0.0"
        },
        "compile": {
          "lib/netcoreapp3.1/System.Drawing.Common.dll": {
            "related": ".xml"
          }
        },
        "runtime": {
          "lib/netcoreapp3.1/System.Drawing.Common.dll": {
            "related": ".xml"
          }
        },
        "build": {
          "buildTransitive/netcoreapp3.1/_._": {}
        },
        "runtimeTargets": {
          "runtimes/unix/lib/netcoreapp3.1/System.Drawing.Common.dll": {
            "assetType": "runtime",
            "rid": "unix"
          },
          "runtimes/win/lib/netcoreapp3.1/System.Drawing.Common.dll": {
            "assetType": "runtime",
            "rid": "win"
          }
        }
      },
      "System.Reflection.Metadata/5.0.0": {
        "type": "package",
        "dependencies": {
          "System.Collections.Immutable": "5.0.0"
        },
        "compile": {
          "lib/netstandard2.0/System.Reflection.Metadata.dll": {
            "related": ".xml"
          }
        },
        "runtime": {
          "lib/netstandard2.0/System.Reflection.Metadata.dll": {
            "related": ".xml"
          }
        }
      }
    }
  },
  "libraries": {
    "Microsoft.Win32.SystemEvents/6.0.0": {
      "sha512": "hqTM5628jSsQiv+HGpiq3WKBl2c8v1KZfby2J6Pr7pEPlK9waPdgEO6b8A/+/xn/yZ9ulv8HuqK71ONy2tg67A==",
      "type": "package",
      "path": "microsoft.win32.systemevents/6.0.0",
      "files": [
        ".nupkg.metadata",
        ".signature.p7s",
        "Icon.png",
        "LICENSE.TXT",
        "THIRD-PARTY-NOTICES.TXT",
        "buildTransitive/netcoreapp2.0/Microsoft.Win32.SystemEvents.targets",
        "buildTransitive/netcoreapp3.1/_._",
        "lib/net461/Microsoft.Win32.SystemEvents.dll",
        "lib/net461/Microsoft.Win32.SystemEvents.xml",
        "lib/net6.0/Microsoft.Win32.SystemEvents.dll",
        "lib/net6.0/Microsoft.Win32.SystemEvents.xml",
        "lib/netcoreapp3.1/Microsoft.Win32.SystemEvents.dll",
        "lib/netcoreapp3.1/Microsoft.Win32.SystemEvents.xml",
        "lib/netstandard2.0/Microsoft.Win32.SystemEvents.dll",
        "lib/netstandard2.0/Microsoft.Win32.SystemEvents.xml",
        "microsoft.win32.systemevents.6.0.0.nupkg.sha512",
        "microsoft.win32.systemevents.nuspec",
        "runtimes/win/lib/net6.0/Microsoft.Win32.SystemEvents.dll",
        "runtimes/win/lib/net6.0/Microsoft.Win32.SystemEvents.xml",
        "runtimes/win/lib/netcoreapp3.1/Microsoft.Win32.SystemEvents.dll",
        "runtimes/win/lib/netcoreapp3.1/Microsoft.Win32.SystemEvents.xml",
        "useSharedDesignerContext.txt"
      ]
    },
    "MySqlConnector/1.1.0": {
      "sha512": "RQPR2vkQjSiyGH2mV17K4+gDcgI8hidxgD2qli3OcRupvqpQjoL6S35M3ZjIM6CXC0TgImvJo3HA/fLSOG+oBA==",
      "type": "package",
      "path": "mysqlconnector/1.1.0",
      "files": [
        ".nupkg.metadata",
        ".signature.p7s",
        "lib/net45/MySqlConnector.dll",
        "lib/net45/MySqlConnector.xml",
        "lib/net461/MySqlConnector.dll",
        "lib/net461/MySqlConnector.xml",
        "lib/net471/MySqlConnector.dll",
        "lib/net471/MySqlConnector.xml",
        "lib/net5.0/MySqlConnector.dll",
        "lib/net5.0/MySqlConnector.xml",
        "lib/netcoreapp2.1/MySqlConnector.dll",
        "lib/netcoreapp2.1/MySqlConnector.xml",
        "lib/netcoreapp3.1/MySqlConnector.dll",
        "lib/netcoreapp3.1/MySqlConnector.xml",
        "lib/netstandard1.3/MySqlConnector.dll",
        "lib/netstandard1.3/MySqlConnector.xml",
        "lib/netstandard2.0/MySqlConnector.dll",
        "lib/netstandard2.0/MySqlConnector.xml",
        "lib/netstandard2.1/MySqlConnector.dll",
        "lib/netstandard2.1/MySqlConnector.xml",
        "logo.png",
        "mysqlconnector.1.1.0.nupkg.sha512",
        "mysqlconnector.nuspec"
      ]
    },
    "Newtonsoft.Json/12.0.3": {
      "sha512": "6mgjfnRB4jKMlzHSl+VD+oUc1IebOZabkbyWj2RiTgWwYPPuaK1H97G1sHqGwPlS5npiF5Q0OrxN1wni2n5QWg==",
      "type": "package",
      "path": "newtonsoft.json/12.0.3",
      "files": [
        ".nupkg.metadata",
        ".signature.p7s",
        "LICENSE.md",
        "lib/net20/Newtonsoft.Json.dll",
        "lib/net20/Newtonsoft.Json.xml",
        "lib/net35/Newtonsoft.Json.dll",
        "lib/net35/Newtonsoft.Json.xml",
        "lib/net40/Newtonsoft.Json.dll",
        "lib/net40/Newtonsoft.Json.xml",
        "lib/net45/Newtonsoft.Json.dll",
        "lib/net45/Newtonsoft.Json.xml",
        "lib/netstandard1.0/Newtonsoft.Json.dll",
        "lib/netstandard1.0/Newtonsoft.Json.xml",
        "lib/netstandard1.3/Newtonsoft.Json.dll",
        "lib/netstandard1.3/Newtonsoft.Json.xml",
        "lib/netstandard2.0/Newtonsoft.Json.dll",
        "lib/netstandard2.0/Newtonsoft.Json.xml",
        "lib/portable-net40+sl5+win8+wp8+wpa81/Newtonsoft.Json.dll",
        "lib/portable-net40+sl5+win8+wp8+wpa81/Newtonsoft.Json.xml",
        "lib/portable-net45+win8+wp8+wpa81/Newtonsoft.Json.dll",
        "lib/portable-net45+win8+wp8+wpa81/Newtonsoft.Json.xml",
        "newtonsoft.json.12.0.3.nupkg.sha512",
        "newtonsoft.json.nuspec",
        "packageIcon.png"
      ]
    },
    "RAGEMP-Bootstrapper/1.1.3": {
      "sha512": "9fEMNOlyqNRgmccLBc8lxjc4h+STbAlbaSmzfp9cD6hoKM26P565XVZMrVOARO12SWWIrtIwkNWgTXj3Zj/u0A==",
      "type": "package",
      "path": "ragemp-bootstrapper/1.1.3",
      "files": [
        ".nupkg.metadata",
        ".signature.p7s",
        "lib/netcoreapp3.1/Bootstrapper.dll",
        "lib/netcoreapp3.1/Bootstrapper.xml",
        "ragemp-bootstrapper.1.1.3.nupkg.sha512",
        "ragemp-bootstrapper.nuspec"
      ]
    },
    "Sentry/3.13.0": {
      "sha512": "2SrQ2WG+SvisEx8l60JHA7Em7LWpZ7k8tnHn7eWAL1H8HYT7LsW0i5Lu5vXazeDivKAGNZoS4q+XuFIUkMXyDg==",
      "type": "package",
      "path": "sentry/3.13.0",
      "files": [
        ".nupkg.metadata",
        ".signature.p7s",
        "README.md",
        "lib/net461/Sentry.dll",
        "lib/net461/Sentry.xml",
        "lib/net5.0/Sentry.dll",
        "lib/net5.0/Sentry.xml",
        "lib/net6.0/Sentry.dll",
        "lib/net6.0/Sentry.xml",
        "lib/netcoreapp3.0/Sentry.dll",
        "lib/netcoreapp3.0/Sentry.xml",
        "lib/netstandard2.0/Sentry.dll",
        "lib/netstandard2.0/Sentry.xml",
        "lib/netstandard2.1/Sentry.dll",
        "lib/netstandard2.1/Sentry.xml",
        "sentry-nuget.png",
        "sentry.3.13.0.nupkg.sha512",
        "sentry.nuspec"
      ]
    },
    "Stub.System.Data.SQLite.Core.NetStandard/1.0.113.1": {
      "sha512": "qFjwuCuZlTz3yT06gaueDJwTykiblNeaLTx3sONXoNlLm2NJwghLvr+W9fvRevKcYcIRiKrq6WJ56QwZJq9fnQ==",
      "type": "package",
      "path": "stub.system.data.sqlite.core.netstandard/1.0.113.1",
      "files": [
        ".nupkg.metadata",
        ".signature.p7s",
        "lib/netstandard2.0/System.Data.SQLite.dll",
        "lib/netstandard2.0/System.Data.SQLite.dll.altconfig",
        "lib/netstandard2.0/System.Data.SQLite.xml",
        "lib/netstandard2.1/System.Data.SQLite.dll",
        "lib/netstandard2.1/System.Data.SQLite.dll.altconfig",
        "lib/netstandard2.1/System.Data.SQLite.xml",
        "runtimes/linux-x64/native/SQLite.Interop.dll",
        "runtimes/osx-x64/native/SQLite.Interop.dll",
        "runtimes/win-x64/native/SQLite.Interop.dll",
        "runtimes/win-x86/native/SQLite.Interop.dll",
        "stub.system.data.sqlite.core.netstandard.1.0.113.1.nupkg.sha512",
        "stub.system.data.sqlite.core.netstandard.nuspec"
      ]
    },
    "System.Collections.Immutable/5.0.0": {
      "sha512": "FXkLXiK0sVVewcso0imKQoOxjoPAj42R8HtjjbSjVPAzwDfzoyoznWxgA3c38LDbN9SJux1xXoXYAhz98j7r2g==",
      "type": "package",
      "path": "system.collections.immutable/5.0.0",
      "files": [
        ".nupkg.metadata",
        ".signature.p7s",
        "Icon.png",
        "LICENSE.TXT",
        "THIRD-PARTY-NOTICES.TXT",
        "lib/net461/System.Collections.Immutable.dll",
        "lib/net461/System.Collections.Immutable.xml",
        "lib/netstandard1.0/System.Collections.Immutable.dll",
        "lib/netstandard1.0/System.Collections.Immutable.xml",
        "lib/netstandard1.3/System.Collections.Immutable.dll",
        "lib/netstandard1.3/System.Collections.Immutable.xml",
        "lib/netstandard2.0/System.Collections.Immutable.dll",
        "lib/netstandard2.0/System.Collections.Immutable.xml",
        "lib/portable-net45+win8+wp8+wpa81/System.Collections.Immutable.dll",
        "lib/portable-net45+win8+wp8+wpa81/System.Collections.Immutable.xml",
        "system.collections.immutable.5.0.0.nupkg.sha512",
        "system.collections.immutable.nuspec",
        "useSharedDesignerContext.txt",
        "version.txt"
      ]
    },
    "System.Data.SQLite.Core/1.0.113.6": {
      "sha512": "8Iyo9b2iG29eYCGjnly6EdF+yw20q83vRTkK9zpJzip5QvQeRSs7rQPmaxg+R2oJKNL8w/6K274F6YHXkEjq5w==",
      "type": "package",
      "path": "system.data.sqlite.core/1.0.113.6",
      "files": [
        ".nupkg.metadata",
        ".signature.p7s",
        "system.data.sqlite.core.1.0.113.6.nupkg.sha512",
        "system.data.sqlite.core.nuspec"
      ]
    },
    "System.Drawing.Common/6.0.0": {
      "sha512": "NfuoKUiP2nUWwKZN6twGqXioIe1zVD0RIj2t976A+czLHr2nY454RwwXs6JU9Htc6mwqL6Dn/nEL3dpVf2jOhg==",
      "type": "package",
      "path": "system.drawing.common/6.0.0",
      "files": [
        ".nupkg.metadata",
        ".signature.p7s",
        "Icon.png",
        "LICENSE.TXT",
        "THIRD-PARTY-NOTICES.TXT",
        "buildTransitive/netcoreapp2.0/System.Drawing.Common.targets",
        "buildTransitive/netcoreapp3.1/_._",
        "lib/MonoAndroid10/_._",
        "lib/MonoTouch10/_._",
        "lib/net461/System.Drawing.Common.dll",
        "lib/net461/System.Drawing.Common.xml",
        "lib/net6.0/System.Drawing.Common.dll",
        "lib/net6.0/System.Drawing.Common.xml",
        "lib/netcoreapp3.1/System.Drawing.Common.dll",
        "lib/netcoreapp3.1/System.Drawing.Common.xml",
        "lib/netstandard2.0/System.Drawing.Common.dll",
        "lib/netstandard2.0/System.Drawing.Common.xml",
        "lib/xamarinios10/_._",
        "lib/xamarinmac20/_._",
        "lib/xamarintvos10/_._",
        "lib/xamarinwatchos10/_._",
        "runtimes/unix/lib/net6.0/System.Drawing.Common.dll",
        "runtimes/unix/lib/net6.0/System.Drawing.Common.xml",
        "runtimes/unix/lib/netcoreapp3.1/System.Drawing.Common.dll",
        "runtimes/unix/lib/netcoreapp3.1/System.Drawing.Common.xml",
        "runtimes/win/lib/net6.0/System.Drawing.Common.dll",
        "runtimes/win/lib/net6.0/System.Drawing.Common.xml",
        "runtimes/win/lib/netcoreapp3.1/System.Drawing.Common.dll",
        "runtimes/win/lib/netcoreapp3.1/System.Drawing.Common.xml",
        "system.drawing.common.6.0.0.nupkg.sha512",
        "system.drawing.common.nuspec",
        "useSharedDesignerContext.txt"
      ]
    },
    "System.Reflection.Metadata/5.0.0": {
      "sha512": "5NecZgXktdGg34rh1OenY1rFNDCI8xSjFr+Z4OU4cU06AQHUdRnIIEeWENu3Wl4YowbzkymAIMvi3WyK9U53pQ==",
      "type": "package",
      "path": "system.reflection.metadata/5.0.0",
      "files": [
        ".nupkg.metadata",
        ".signature.p7s",
        "Icon.png",
        "LICENSE.TXT",
        "THIRD-PARTY-NOTICES.TXT",
        "lib/net461/System.Reflection.Metadata.dll",
        "lib/net461/System.Reflection.Metadata.xml",
        "lib/netstandard1.1/System.Reflection.Metadata.dll",
        "lib/netstandard1.1/System.Reflection.Metadata.xml",
        "lib/netstandard2.0/System.Reflection.Metadata.dll",
        "lib/netstandard2.0/System.Reflection.Metadata.xml",
        "lib/portable-net45+win8/System.Reflection.Metadata.dll",
        "lib/portable-net45+win8/System.Reflection.Metadata.xml",
        "system.reflection.metadata.5.0.0.nupkg.sha512",
        "system.reflection.metadata.nuspec",
        "useSharedDesignerContext.txt",
        "version.txt"
      ]
    }
  },
  "projectFileDependencyGroups": {
    ".NETCoreApp,Version=v3.1": [
      "MySqlConnector >= 1.1.0",
      "Newtonsoft.Json >= 12.0.3",
      "RAGEMP-Bootstrapper >= 1.1.3",
      "Sentry >= 3.13.0",
      "System.Data.SQLite.Core >= 1.0.113.6",
      "System.Drawing.Common >= 6.0.0"
    ]
  },
  "packageFolders": {
    "/root/.nuget/packages/": {}
  },
  "project": {
    "version": "1.0.0",
    "restore": {
      "projectUniqueName": "/opt/ragemp-srv/dotnet/resources/server/server.csproj",
      "projectName": "server",
      "projectPath": "/opt/ragemp-srv/dotnet/resources/server/server.csproj",
      "packagesPath": "/root/.nuget/packages/",
      "outputPath": "/opt/ragemp-srv/dotnet/resources/server/obj/",
      "projectStyle": "PackageReference",
      "configFilePaths": [
        "/root/.nuget/NuGet/NuGet.Config"
      ],
      "originalTargetFrameworks": [
        "netcoreapp3.1"
      ],
      "sources": {
        "https://api.nuget.org/v3/index.json": {}
      },
      "frameworks": {
        "netcoreapp3.1": {
          "targetAlias": "netcoreapp3.1",
          "projectReferences": {}
        }
      },
      "warningProperties": {
        "warnAsError": [
          "NU1605"
        ]
      }
    },
    "frameworks": {
      "netcoreapp3.1": {
        "targetAlias": "netcoreapp3.1",
        "dependencies": {
          "MySqlConnector": {
            "target": "Package",
            "version": "[1.1.0, )"
          },
          "Newtonsoft.Json": {
            "target": "Package",
            "version": "[12.0.3, )"
          },
          "RAGEMP-Bootstrapper": {
            "target": "Package",
            "version": "[1.1.3, )"
          },
          "Sentry": {
            "target": "Package",
            "version": "[3.13.0, )"
          },
          "System.Data.SQLite.Core": {
            "suppressParent": "None",
            "target": "Package",
            "version": "[1.0.113.6, )"
          },
          "System.Drawing.Common": {
            "target": "Package",
            "version": "[6.0.0, )"
          }
        },
        "imports": [
          "net461",
          "net462",
          "net47",
          "net471",
          "net472",
          "net48",
          "net481"
        ],
        "assetTargetFallback": true,
        "warn": true,
        "downloadDependencies": [
          {
            "name": "Microsoft.AspNetCore.App.Ref",
            "version": "[3.1.10, 3.1.10]"
          },
          {
            "name": "Microsoft.NETCore.App.Ref",
            "version": "[3.1.0, 3.1.0]"
          }
        ],
        "frameworkReferences": {
          "Microsoft.NETCore.App": {
            "privateAssets": "all"
          }
        },
        "runtimeIdentifierGraphPath": "/usr/share/dotnet/sdk/6.0.402/RuntimeIdentifierGraph.json"
      }
    }
  }
}